
Microsoft Visual Studio Solution File, Format Version 12.00
# Visual Studio Version 17
VisualStudioVersion = 17.7.34031.279
MinimumVisualStudioVersion = 10.0.40219.1
Project("{FAE04EC0-301F-11D3-BF4B-00C04F79EFBC}") = "SMI_Service", "SMI_Service\SMI_Service.csproj", "{CDFE088A-C770-479B-8BFB-82AD1D1A0C27}"
EndProject
Global
	GlobalSection(SolutionConfigurationPlatforms) = preSolution
		Debug|Any CPU = Debug|Any CPU
		Release|Any CPU = Release|Any CPU
	EndGlobalSection
	GlobalSection(ProjectConfigurationPlatforms) = postSolution
		{CDFE088A-C770-479B-8BFB-82AD1D1A0C27}.Debug|Any CPU.ActiveCfg = Debug|Any CPU
		{CDFE088A-C770-479B-8BFB-82AD1D1A0C27}.Debug|Any CPU.Build.0 = Debug|Any CPU
		{CDFE088A-C770-479B-8BFB-82AD1D1A0C27}.Release|Any CPU.ActiveCfg = Release|Any CPU
		{CDFE088A-C770-479B-8BFB-82AD1D1A0C27}.Release|Any CPU.Build.0 = Release|Any CPU
	EndGlobalSection
	GlobalSection(SolutionProperties) = preSolution
		HideSolutionNode = FALSE
	EndGlobalSection
	GlobalSection(ExtensibilityGlobals) = postSolution
		SolutionGuid = {FBBD34CB-A3C1-4AE8-B45E-EE8A43992699}
	EndGlobalSection
EndGlobal
